version: 6
environments:
  default:
    channels:
    - url: https://conda.anaconda.org/conda-forge/
    - url: https://conda.anaconda.org/conda-forge/label/m2w64-experimental/
    indexes:
    - https://pypi.org/simple
    packages:
      win-64:
      - conda: https://conda.anaconda.org/conda-forge/win-64/bzip2-1.0.8-h0ad9c76_8.conda
      - conda: https://conda.anaconda.org/conda-forge/noarch/ca-certificates-2025.11.12-h4c7d964_0.conda
      - conda: https://conda.anaconda.org/conda-forge/win-64/cmake-4.2.1-hdcbee5b_0.conda
      - conda: https://conda.anaconda.org/conda-forge/win-64/git-2.52.0-h57928b3_1.conda
      - conda: https://conda.anaconda.org/conda-forge/win-64/icu-78.1-h637d24d_0.conda
      - conda: https://conda.anaconda.org/conda-forge/win-64/krb5-1.21.3-hdf4eb48_0.conda
      - conda: https://conda.anaconda.org/conda-forge/win-64/libarchive-3.8.2-gpl_h26aea39_100.conda
      - conda: https://conda.anaconda.org/conda-forge/win-64/libcurl-8.17.0-h43ecb02_1.conda
      - conda: https://conda.anaconda.org/conda-forge/win-64/libexpat-2.7.3-hac47afa_0.conda
      - conda: https://conda.anaconda.org/conda-forge/win-64/libffi-3.5.2-h52bdfb6_0.conda
      - conda: https://conda.anaconda.org/conda-forge/win-64/libglib-2.86.3-h0c9aed9_0.conda
      - conda: https://conda.anaconda.org/conda-forge/win-64/libiconv-1.18-hc1393d2_2.conda
      - conda: https://conda.anaconda.org/conda-forge/win-64/libintl-0.22.5-h5728263_3.conda
      - conda: https://conda.anaconda.org/conda-forge/win-64/liblzma-5.8.1-h2466b09_2.conda
      - conda: https://conda.anaconda.org/conda-forge/win-64/libmpdec-4.0.0-h2466b09_0.conda
      - conda: https://conda.anaconda.org/conda-forge/win-64/libsqlite-3.51.1-hf5d6505_1.conda
      - conda: https://conda.anaconda.org/conda-forge/win-64/libssh2-1.11.1-h9aa295b_0.conda
      - conda: https://conda.anaconda.org/conda-forge/win-64/libuv-1.51.0-hfd05255_1.conda
      - conda: https://conda.anaconda.org/conda-forge/win-64/libxml2-16-2.15.1-h3cfd58e_1.conda
      - conda: https://conda.anaconda.org/conda-forge/win-64/libxml2-2.15.1-h779ef1b_1.conda
      - conda: https://conda.anaconda.org/conda-forge/win-64/libzlib-1.3.1-h2466b09_2.conda
      - conda: https://conda.anaconda.org/conda-forge/win-64/lz4-c-1.10.0-h2466b09_1.conda
      - conda: https://conda.anaconda.org/conda-forge/win-64/lzo-2.10-h6a83c73_1002.conda
      - conda: https://conda.anaconda.org/conda-forge/win-64/ninja-1.13.2-h477610d_0.conda
      - conda: https://conda.anaconda.org/conda-forge/win-64/openjdk-21.0.9-hda6743d_0.conda
      - conda: https://conda.anaconda.org/conda-forge/win-64/openssl-3.6.0-h725018a_0.conda
      - conda: https://conda.anaconda.org/conda-forge/win-64/pcre2-10.47-hd2b5f0e_0.conda
      - conda: https://conda.anaconda.org/conda-forge/win-64/pkg-config-0.29.2-h88c491f_1009.conda
      - conda: https://conda.anaconda.org/conda-forge/win-64/powershell-7.5.4-h11686cb_1.conda
      - conda: https://conda.anaconda.org/conda-forge/win-64/python-3.14.2-h4b44e0e_100_cp314.conda
      - conda: https://conda.anaconda.org/conda-forge/noarch/python_abi-3.14-8_cp314.conda
      - conda: https://conda.anaconda.org/conda-forge/win-64/symlink-exe-runtime-1.0-hcfcfb64_0.tar.bz2
      - conda: https://conda.anaconda.org/conda-forge/win-64/tk-8.6.13-h2c6b04d_3.conda
      - conda: https://conda.anaconda.org/conda-forge/noarch/tzdata-2025c-hc9c84f9_1.conda
      - conda: https://conda.anaconda.org/conda-forge/win-64/ucrt-10.0.26100.0-h57928b3_0.conda
      - conda: https://conda.anaconda.org/conda-forge/win-64/vc-14.3-h2b53caa_33.conda
      - conda: https://conda.anaconda.org/conda-forge/win-64/vc14_runtime-14.44.35208-h818238b_33.conda
      - conda: https://conda.anaconda.org/conda-forge/win-64/vcomp14-14.44.35208-h818238b_33.conda
      - conda: https://conda.anaconda.org/conda-forge/win-64/vs2015_runtime-14.44.35208-h38c0c73_33.conda
      - conda: https://conda.anaconda.org/conda-forge/win-64/zlib-1.3.1-h2466b09_2.conda
      - conda: https://conda.anaconda.org/conda-forge/win-64/zstd-1.5.7-h534d264_6.conda
      - pypi: https://files.pythonhosted.org/packages/7f/70/849fa1005fa197fc28a744fd69598ab9da883b737a1ab9461d88721ddd0b/aqtinstall-3.3.0-py3-none-any.whl
      - pypi: https://files.pythonhosted.org/packages/1a/39/47f9197bdd44df24d67ac8893641e16f386c984a0619ef2ee4c51fbbc019/beautifulsoup4-4.14.3-py3-none-any.whl
      - pypi: https://files.pythonhosted.org/packages/f5/10/56978295c14794b2c12007b07f3e41ba26acda9257457d7085b0bb3bb90c/brotli-1.2.0-cp314-cp314-win_amd64.whl
      - pypi: https://files.pythonhosted.org/packages/51/bb/bf7aab772a159614954d84aa832c129624ba6c32faa559dfb200a534e50b/bs4-0.0.2-py2.py3-none-any.whl
      - pypi: https://files.pythonhosted.org/packages/70/7d/9bc192684cea499815ff478dfcdc13835ddf401365057044fb721ec6bddb/certifi-2025.11.12-py3-none-any.whl
      - pypi: https://files.pythonhosted.org/packages/4b/51/8ade005e5ca5b0d80fb4aff72a3775b325bdc3d27408c8113811a7cbe640/charset_normalizer-3.4.4-cp314-cp314-win_amd64.whl
      - pypi: https://files.pythonhosted.org/packages/07/6c/aa3f2f849e01cb6a001cd8554a88d4c77c5c1a31c95bdf1cf9301e6d9ef4/defusedxml-0.7.1-py2.py3-none-any.whl
      - pypi: https://files.pythonhosted.org/packages/c5/7b/bca5613a0c3b542420cf92bd5e5fb8ebd5435ce1011a091f66bb7693285e/humanize-4.15.0-py3-none-any.whl
      - pypi: https://files.pythonhosted.org/packages/0e/61/66938bbb5fc52dbdf84594873d5b51fb1f7c7794e9c0f5bd885f30bc507b/idna-3.11-py3-none-any.whl
      - pypi: https://files.pythonhosted.org/packages/dd/51/f2972df8cceecc9bf3afa3353d517ffc7125285198c844588e9aaf98f5d0/inflate64-1.0.4-cp314-cp314-win_amd64.whl
      - pypi: https://files.pythonhosted.org/packages/22/31/ec5f46fd4c83185b806aa9c736e228cb780f13990a9cf4da0beb70025fcc/multivolumefile-0.2.3-py3-none-any.whl
      - pypi: https://files.pythonhosted.org/packages/65/bb/ebd7c6058dcfbf634986f9a8b3fb638f3269501c73701a48b7530042da5b/patch-ng-1.19.0.tar.gz
      - pypi: https://files.pythonhosted.org/packages/34/68/d9317542e3f2b180c4306e3f45d3c922d7e86d8ce39f941bb9e2e9d8599e/psutil-7.2.1-cp37-abi3-win_amd64.whl
      - pypi: https://files.pythonhosted.org/packages/f0/9c/762284710ead9076eeecd55fb60509c19cd1f4bea811df5f3603725b44cb/py7zr-1.1.0-py3-none-any.whl
      - pypi: https://files.pythonhosted.org/packages/91/f7/d4e55aede85143adff3ded89a1ae87bbf29060ddc2249fb861d78b103d4a/pybcj-1.0.7-cp314-cp314-win_amd64.whl
      - pypi: https://files.pythonhosted.org/packages/69/96/11f36f71a865dd6df03716d33bd07a67e9d20f6b8d39820470b766af323c/pycryptodomex-3.23.0-cp37-abi3-win_amd64.whl
      - pypi: https://files.pythonhosted.org/packages/12/4c/5003a413d9f2743298a070df6713a75dedccc470e7adeeced5b43cad7418/pyppmd-1.3.1-cp314-cp314-win_amd64.whl
      - pypi: https://files.pythonhosted.org/packages/1e/db/4254e3eabe8020b458f1a747140d32277ec7a271daf1d235b70dc0b4e6e3/requests-2.32.5-py3-none-any.whl
      - pypi: https://files.pythonhosted.org/packages/6a/23/8146aad7d88f4fcb3a6218f41a60f6c2d4e3a72de72da1825dc7c8f7877c/semantic_version-2.10.0-py2.py3-none-any.whl
      - pypi: https://files.pythonhosted.org/packages/48/f3/b67d6ea49ca9154453b6d70b34ea22f3996b9fa55da105a79d8732227adc/soupsieve-2.8.1-py3-none-any.whl
      - pypi: https://files.pythonhosted.org/packages/24/99/4772b8e00a136f3e01236de33b0efda31ee7077203ba5967fcc76da94d65/texttable-1.7.0-py2.py3-none-any.whl
      - pypi: https://files.pythonhosted.org/packages/18/67/36e9267722cc04a6b9f15c7f3441c2363321a3ea07da7ae0c0707beb2a9c/typing_extensions-4.15.0-py3-none-any.whl
      - pypi: https://files.pythonhosted.org/packages/6d/b9/4095b668ea3678bf6a0af005527f39de12fb026516fb3df17495a733b7f8/urllib3-2.6.2-py3-none-any.whl
packages:
- pypi: https://files.pythonhosted.org/packages/7f/70/849fa1005fa197fc28a744fd69598ab9da883b737a1ab9461d88721ddd0b/aqtinstall-3.3.0-py3-none-any.whl
  name: aqtinstall
  version: 3.3.0
  sha256: e88dbd87226f276fdd5d05347a44578d390d93a7f176e9476fbda0a7c9635f69
  requires_dist:
  - bs4
  - defusedxml
  - humanize
  - patch-ng
  - py7zr>=0.22.0
  - requests>=2.31.0
  - semantic-version
  - texttable
  - pytest>=6.0 ; extra == 'test'
  - pytest-pep8 ; extra == 'test'
  - pytest-cov ; extra == 'test'
  - pytest-remotedata>=0.4.1 ; extra == 'test'
  - pytest-socket ; extra == 'test'
  - pytest-timeout ; extra == 'test'
  - pympler ; extra == 'test'
  - mypy>=1.10.0 ; extra == 'check'
  - flake8>=6.0.0,<8.0.0 ; extra == 'check'
  - flake8-black ; extra == 'check'
  - flake8-colors ; extra == 'check'
  - flake8-isort>=6.0.0,<7.0.0 ; extra == 'check'
  - flake8-pyi ; extra == 'check'
  - flake8-typing-imports ; extra == 'check'
  - docutils ; extra == 'check'
  - check-manifest ; extra == 'check'
  - readme-renderer ; extra == 'check'
  - pygments ; extra == 'check'
  - packaging ; extra == 'check'
  - pylint ; extra == 'check'
  - types-requests ; extra == 'check'
  - sphinx>=7.0 ; extra == 'docs'
  - sphinx-rtd-theme>=1.3 ; extra == 'docs'
  - sphinx-py3doc-enhanced-theme>=2.4 ; extra == 'docs'
  - pytest-leaks ; extra == 'debug'
  requires_python: '>=3.9'
- pypi: https://files.pythonhosted.org/packages/1a/39/47f9197bdd44df24d67ac8893641e16f386c984a0619ef2ee4c51fbbc019/beautifulsoup4-4.14.3-py3-none-any.whl
  name: beautifulsoup4
  version: 4.14.3
  sha256: 0918bfe44902e6ad8d57732ba310582e98da931428d231a5ecb9e7c703a735bb
  requires_dist:
  - soupsieve>=1.6.1
  - typing-extensions>=4.0.0
  - cchardet ; extra == 'cchardet'
  - chardet ; extra == 'chardet'
  - charset-normalizer ; extra == 'charset-normalizer'
  - html5lib ; extra == 'html5lib'
  - lxml ; extra == 'lxml'
  requires_python: '>=3.7.0'
- pypi: https://files.pythonhosted.org/packages/f5/10/56978295c14794b2c12007b07f3e41ba26acda9257457d7085b0bb3bb90c/brotli-1.2.0-cp314-cp314-win_amd64.whl
  name: brotli
  version: 1.2.0
  sha256: e7c0af964e0b4e3412a0ebf341ea26ec767fa0b4cf81abb5e897c9338b5ad6a3
- pypi: https://files.pythonhosted.org/packages/51/bb/bf7aab772a159614954d84aa832c129624ba6c32faa559dfb200a534e50b/bs4-0.0.2-py2.py3-none-any.whl
  name: bs4
  version: 0.0.2
  sha256: abf8742c0805ef7f662dce4b51cca104cffe52b835238afc169142ab9b3fbccc
  requires_dist:
  - beautifulsoup4
- conda: https://conda.anaconda.org/conda-forge/win-64/bzip2-1.0.8-h0ad9c76_8.conda
  sha256: d882712855624641f48aa9dc3f5feea2ed6b4e6004585d3616386a18186fe692
  md5: 1077e9333c41ff0be8edd1a5ec0ddace
  depends:
  - ucrt >=10.0.20348.0
  - vc >=14.3,<15
  - vc14_runtime >=14.44.35208
  license: bzip2-1.0.6
  license_family: BSD
  purls: []
  size: 55977
  timestamp: 1757437738856
- conda: https://conda.anaconda.org/conda-forge/noarch/ca-certificates-2025.11.12-h4c7d964_0.conda
  sha256: 686a13bd2d4024fc99a22c1e0e68a7356af3ed3304a8d3ff6bb56249ad4e82f0
  md5: f98fb7db808b94bc1ec5b0e62f9f1069
  depends:
  - __win
  license: ISC
  purls: []
  size: 152827
  timestamp: 1762967310929
- pypi: https://files.pythonhosted.org/packages/70/7d/9bc192684cea499815ff478dfcdc13835ddf401365057044fb721ec6bddb/certifi-2025.11.12-py3-none-any.whl
  name: certifi
  version: 2025.11.12
  sha256: 97de8790030bbd5c2d96b7ec782fc2f7820ef8dba6db909ccf95449f2d062d4b
  requires_python: '>=3.7'
- pypi: https://files.pythonhosted.org/packages/4b/51/8ade005e5ca5b0d80fb4aff72a3775b325bdc3d27408c8113811a7cbe640/charset_normalizer-3.4.4-cp314-cp314-win_amd64.whl
  name: charset-normalizer
  version: 3.4.4
  sha256: 8a6562c3700cce886c5be75ade4a5db4214fda19fede41d9792d100288d8f94c
  requires_python: '>=3.7'
- conda: https://conda.anaconda.org/conda-forge/win-64/cmake-4.2.1-hdcbee5b_0.conda
  sha256: 03d85d6493ad6c410708f243aeb680c491075c89f0cae7e3afab718f27f28967
  md5: dd8c71fb422275f652743068455e9acd
  depends:
  - bzip2 >=1.0.8,<2.0a0
  - libcurl >=8.17.0,<9.0a0
  - libexpat >=2.7.3,<3.0a0
  - liblzma >=5.8.1,<6.0a0
  - libuv >=1.51.0,<2.0a0
  - libzlib >=1.3.1,<2.0a0
  - ucrt >=10.0.20348.0
  - vc14_runtime >=14.44.35208
  - zstd >=1.5.7,<1.6.0a0
  license: BSD-3-Clause
  license_family: BSD
  purls: []
  size: 15739640
  timestamp: 1765230626010
- pypi: https://files.pythonhosted.org/packages/07/6c/aa3f2f849e01cb6a001cd8554a88d4c77c5c1a31c95bdf1cf9301e6d9ef4/defusedxml-0.7.1-py2.py3-none-any.whl
  name: defusedxml
  version: 0.7.1
  sha256: a352e7e428770286cc899e2542b6cdaedb2b4953ff269a210103ec58f6198a61
  requires_python: '>=2.7,!=3.0.*,!=3.1.*,!=3.2.*,!=3.3.*,!=3.4.*'
- conda: https://conda.anaconda.org/conda-forge/win-64/git-2.52.0-h57928b3_1.conda
  sha256: 5ae27ac105cb64b317e445e06f8270122c097866c94d268bacad0a2d00bebe29
  md5: 4eac2e1eea2c756cc76e0e0f329b71d8
  license: GPL-2.0-or-later and LGPL-2.1-or-later
  purls: []
  size: 122142927
  timestamp: 1763715783880
- pypi: https://files.pythonhosted.org/packages/c5/7b/bca5613a0c3b542420cf92bd5e5fb8ebd5435ce1011a091f66bb7693285e/humanize-4.15.0-py3-none-any.whl
  name: humanize
  version: 4.15.0
  sha256: b1186eb9f5a9749cd9cb8565aee77919dd7c8d076161cf44d70e59e3301e1769
  requires_dist:
  - freezegun ; extra == 'tests'
  - pytest ; extra == 'tests'
  - pytest-cov ; extra == 'tests'
  requires_python: '>=3.10'
- conda: https://conda.anaconda.org/conda-forge/win-64/icu-78.1-h637d24d_0.conda
  sha256: bee083d5a0f05c380fcec1f30a71ef5518b23563aeb0a21f6b60b792645f9689
  md5: cb8048bed35ef01431184d6a88e46b3e
  depends:
  - ucrt >=10.0.20348.0
  - vc >=14.3,<15
  - vc14_runtime >=14.44.35208
  license: MIT
  purls: []
  size: 13849749
  timestamp: 1766299627069
- pypi: https://files.pythonhosted.org/packages/0e/61/66938bbb5fc52dbdf84594873d5b51fb1f7c7794e9c0f5bd885f30bc507b/idna-3.11-py3-none-any.whl
  name: idna
  version: '3.11'
  sha256: 771a87f49d9defaf64091e6e6fe9c18d4833f140bd19464795bc32d966ca37ea
  requires_dist:
  - ruff>=0.6.2 ; extra == 'all'
  - mypy>=1.11.2 ; extra == 'all'
  - pytest>=8.3.2 ; extra == 'all'
  - flake8>=7.1.1 ; extra == 'all'
  requires_python: '>=3.8'
- pypi: https://files.pythonhosted.org/packages/dd/51/f2972df8cceecc9bf3afa3353d517ffc7125285198c844588e9aaf98f5d0/inflate64-1.0.4-cp314-cp314-win_amd64.whl
  name: inflate64
  version: 1.0.4
  sha256: fb2fdd63ef3933b67af98b3f2ee2f57e7787278041d7ba4821382fedd729b68a
  requires_dist:
  - pytest ; extra == 'test'
  - sphinx>=5.0 ; extra == 'docs'
  - sphinx-rtd-theme ; extra == 'docs'
  - docutils ; extra == 'docs'
  - mypy>=1.10.0 ; extra == 'check'
  - mypy-extensions>=0.4.1 ; extra == 'check'
  - check-manifest ; extra == 'check'
  - flake8 ; extra == 'check'
  - flake8-black ; extra == 'check'
  - flake8-deprecated ; extra == 'check'
  - flake8-isort ; extra == 'check'
  - pygments ; extra == 'check'
  - readme-renderer ; extra == 'check'
  - twine ; extra == 'check'
  requires_python: '>=3.9'
- conda: https://conda.anaconda.org/conda-forge/win-64/krb5-1.21.3-hdf4eb48_0.conda
  sha256: 18e8b3430d7d232dad132f574268f56b3eb1a19431d6d5de8c53c29e6c18fa81
  md5: 31aec030344e962fbd7dbbbbd68e60a9
  depends:
  - openssl >=3.3.1,<4.0a0
  - ucrt >=10.0.20348.0
  - vc >=14.2,<15
  - vc14_runtime >=14.29.30139
  license: MIT
  license_family: MIT
  purls: []
  size: 712034
  timestamp: 1719463874284
- conda: https://conda.anaconda.org/conda-forge/win-64/libarchive-3.8.2-gpl_h26aea39_100.conda
  sha256: 23b9bcba5e01fe756eb9aef875ba0237377401489b0238da871ba00ccaad6a95
  md5: ce09b133aaadd32f18a809260ac5c2c8
  depends:
  - bzip2 >=1.0.8,<2.0a0
  - liblzma >=5.8.1,<6.0a0
  - libxml2
  - libxml2-16 >=2.14.6
  - libzlib >=1.3.1,<2.0a0
  - lz4-c >=1.10.0,<1.11.0a0
  - lzo >=2.10,<3.0a0
  - openssl >=3.5.4,<4.0a0
  - ucrt >=10.0.20348.0
  - vc >=14.3,<15
  - vc14_runtime >=14.44.35208
  - zstd >=1.5.7,<1.6.0a0
  license: BSD-2-Clause
  license_family: BSD
  purls: []
  size: 1107182
  timestamp: 1760611163870
- conda: https://conda.anaconda.org/conda-forge/win-64/libcurl-8.17.0-h43ecb02_1.conda
  sha256: 5ebab5c980c09d31b35a25095b295124d89fd8bdffdb3487604218ad56512885
  md5: c02248f96a0073904bb085a437143895
  depends:
  - krb5 >=1.21.3,<1.22.0a0
  - libssh2 >=1.11.1,<2.0a0
  - libzlib >=1.3.1,<2.0a0
  - ucrt >=10.0.20348.0
  - vc >=14.3,<15
  - vc14_runtime >=14.44.35208
  license: curl
  license_family: MIT
  purls: []
  size: 379189
  timestamp: 1765379273605
- conda: https://conda.anaconda.org/conda-forge/win-64/libexpat-2.7.3-hac47afa_0.conda
  sha256: 844ab708594bdfbd7b35e1a67c379861bcd180d6efe57b654f482ae2f7f5c21e
  md5: 8c9e4f1a0e688eef2e95711178061a0f
  depends:
  - ucrt >=10.0.20348.0
  - vc >=14.3,<15
  - vc14_runtime >=14.44.35208
  constrains:
  - expat 2.7.3.*
  license: MIT
  license_family: MIT
  purls: []
  size: 70137
  timestamp: 1763550049107
- conda: https://conda.anaconda.org/conda-forge/win-64/libffi-3.5.2-h52bdfb6_0.conda
  sha256: ddff25aaa4f0aa535413f5d831b04073789522890a4d8626366e43ecde1534a3
  md5: ba4ad812d2afc22b9a34ce8327a0930f
  depends:
  - ucrt >=10.0.20348.0
  - vc >=14.3,<15
  - vc14_runtime >=14.44.35208
  license: MIT
  license_family: MIT
  purls: []
  size: 44866
  timestamp: 1760295760649
- conda: https://conda.anaconda.org/conda-forge/win-64/libglib-2.86.3-h0c9aed9_0.conda
  sha256: 84b74fc81fff745f3d21a26c317ace44269a563a42ead3500034c27e407e1021
  md5: c2d5b6b790ef21abac0b5331094ccb56
  depends:
  - libffi >=3.5.2,<3.6.0a0
  - libiconv >=1.18,<2.0a0
  - libintl >=0.22.5,<1.0a0
  - libzlib >=1.3.1,<2.0a0
  - pcre2 >=10.47,<10.48.0a0
  - ucrt >=10.0.20348.0
  - vc >=14.3,<15
  - vc14_runtime >=14.44.35208
  constrains:
  - glib 2.86.3 *_0
  license: LGPL-2.1-or-later
  purls: []
  size: 3818991
  timestamp: 1765222145992
- conda: https://conda.anaconda.org/conda-forge/win-64/libiconv-1.18-hc1393d2_2.conda
  sha256: 0dcdb1a5f01863ac4e8ba006a8b0dc1a02d2221ec3319b5915a1863254d7efa7
  md5: 64571d1dd6cdcfa25d0664a5950fdaa2
  depends:
  - ucrt >=10.0.20348.0
  - vc >=14.3,<15
  - vc14_runtime >=14.44.35208
  license: LGPL-2.1-only
  purls: []
  size: 696926
  timestamp: 1754909290005
- conda: https://conda.anaconda.org/conda-forge/win-64/libintl-0.22.5-h5728263_3.conda
  sha256: c7e4600f28bcada8ea81456a6530c2329312519efcf0c886030ada38976b0511
  md5: 2cf0cf76cc15d360dfa2f17fd6cf9772
  depends:
  - libiconv >=1.17,<2.0a0
  license: LGPL-2.1-or-later
  purls: []
  size: 95568
  timestamp: 1723629479451
- conda: https://conda.anaconda.org/conda-forge/win-64/liblzma-5.8.1-h2466b09_2.conda
  sha256: 55764956eb9179b98de7cc0e55696f2eff8f7b83fc3ebff5e696ca358bca28cc
  md5: c15148b2e18da456f5108ccb5e411446
  depends:
  - ucrt >=10.0.20348.0
  - vc >=14.2,<15
  - vc14_runtime >=14.29.30139
  constrains:
  - xz 5.8.1.*
  license: 0BSD
  purls: []
  size: 104935
  timestamp: 1749230611612
- conda: https://conda.anaconda.org/conda-forge/win-64/libmpdec-4.0.0-h2466b09_0.conda
  sha256: fc529fc82c7caf51202cc5cec5bb1c2e8d90edbac6d0a4602c966366efe3c7bf
  md5: 74860100b2029e2523cf480804c76b9b
  depends:
  - ucrt >=10.0.20348.0
  - vc >=14.2,<15
  - vc14_runtime >=14.29.30139
  license: BSD-2-Clause
  license_family: BSD
  purls: []
  size: 88657
  timestamp: 1723861474602
- conda: https://conda.anaconda.org/conda-forge/win-64/libsqlite-3.51.1-hf5d6505_1.conda
  sha256: d6d86715a1afe11f626b7509935e9d2e14a4946632c0ac474526e20fc6c55f99
  md5: be65be5f758709fc01b01626152e96b0
  depends:
  - ucrt >=10.0.20348.0
  - vc >=14.3,<15
  - vc14_runtime >=14.44.35208
  license: blessing
  purls: []
  size: 1292859
  timestamp: 1766319616777
- conda: https://conda.anaconda.org/conda-forge/win-64/libssh2-1.11.1-h9aa295b_0.conda
  sha256: cbdf93898f2e27cefca5f3fe46519335d1fab25c4ea2a11b11502ff63e602c09
  md5: 9dce2f112bfd3400f4f432b3d0ac07b2
  depends:
  - libzlib >=1.3.1,<2.0a0
  - openssl >=3.5.0,<4.0a0
  - ucrt >=10.0.20348.0
  - vc >=14.2,<15
  - vc14_runtime >=14.29.30139
  license: BSD-3-Clause
  license_family: BSD
  purls: []
  size: 292785
  timestamp: 1745608759342
- conda: https://conda.anaconda.org/conda-forge/win-64/libuv-1.51.0-hfd05255_1.conda
  sha256: f03dc82e6fb1725788e73ae97f0cd3d820d5af0d351a274104a0767035444c59
  md5: 31e1545994c48efc3e6ea32ca02a8724
  depends:
  - ucrt >=10.0.20348.0
  - vc >=14.3,<15
  - vc14_runtime >=14.44.35208
  license: MIT
  license_family: MIT
  purls: []
  size: 297087
  timestamp: 1753948490874
- conda: https://conda.anaconda.org/conda-forge/win-64/libxml2-2.15.1-h779ef1b_1.conda
  sha256: 8b47d5fb00a6ccc0f495d16787ab5f37a434d51965584d6000966252efecf56d
  md5: 68dc154b8d415176c07b6995bd3a65d9
  depends:
  - icu >=78.1,<79.0a0
  - libiconv >=1.18,<2.0a0
  - liblzma >=5.8.1,<6.0a0
  - libxml2-16 2.15.1 h3cfd58e_1
  - libzlib >=1.3.1,<2.0a0
  - ucrt >=10.0.20348.0
  - vc >=14.3,<15
  - vc14_runtime >=14.44.35208
  license: MIT
  license_family: MIT
  purls: []
  size: 43387
  timestamp: 1766327259710
- conda: https://conda.anaconda.org/conda-forge/win-64/libxml2-16-2.15.1-h3cfd58e_1.conda
  sha256: a857e941156b7f462063e34e086d212c6ccbc1521ebdf75b9ed66bd90add57dc
  md5: 07d73826fde28e7dbaec52a3297d7d26
  depends:
  - icu >=78.1,<79.0a0
  - libiconv >=1.18,<2.0a0
  - liblzma >=5.8.1,<6.0a0
  - libzlib >=1.3.1,<2.0a0
  - ucrt >=10.0.20348.0
  - vc >=14.3,<15
  - vc14_runtime >=14.44.35208
  constrains:
  - libxml2 2.15.1
  license: MIT
  license_family: MIT
  purls: []
  size: 518964
  timestamp: 1766327232819
- conda: https://conda.anaconda.org/conda-forge/win-64/libzlib-1.3.1-h2466b09_2.conda
  sha256: ba945c6493449bed0e6e29883c4943817f7c79cbff52b83360f7b341277c6402
  md5: 41fbfac52c601159df6c01f875de31b9
  depends:
  - ucrt >=10.0.20348.0
  - vc >=14.2,<15
  - vc14_runtime >=14.29.30139
  constrains:
  - zlib 1.3.1 *_2
  license: Zlib
  license_family: Other
  purls: []
  size: 55476
  timestamp: 1727963768015
- conda: https://conda.anaconda.org/conda-forge/win-64/lz4-c-1.10.0-h2466b09_1.conda
  sha256: 632cf3bdaf7a7aeb846de310b6044d90917728c73c77f138f08aa9438fc4d6b5
  md5: 0b69331897a92fac3d8923549d48d092
  depends:
  - ucrt >=10.0.20348.0
  - vc >=14.2,<15
  - vc14_runtime >=14.29.30139
  license: BSD-2-Clause
  license_family: BSD
  purls: []
  size: 139891
  timestamp: 1733741168264
- conda: https://conda.anaconda.org/conda-forge/win-64/lzo-2.10-h6a83c73_1002.conda
  sha256: 344f4f225c6dfb523fb477995545542224c37a5c86161f053a1a18fe547aa979
  md5: c5cb4159f0eea65663b31dd1e49bbb71
  depends:
  - vc >=14.3,<15
  - vc14_runtime >=14.44.35208
  - ucrt >=10.0.20348.0
  - vc >=14.3,<15
  - vc14_runtime >=14.44.35208
  - ucrt >=10.0.20348.0
  license: GPL-2.0-or-later
  license_family: GPL
  purls: []
  size: 165589
  timestamp: 1753889311940
- pypi: https://files.pythonhosted.org/packages/22/31/ec5f46fd4c83185b806aa9c736e228cb780f13990a9cf4da0beb70025fcc/multivolumefile-0.2.3-py3-none-any.whl
  name: multivolumefile
  version: 0.2.3
  sha256: 237f4353b60af1703087cf7725755a1f6fcaeeea48421e1896940cd1c920d678
  requires_dist:
  - check-manifest ; extra == 'check'
  - flake8 ; extra == 'check'
  - flake8-black ; extra == 'check'
  - readme-renderer ; extra == 'check'
  - pygments ; extra == 'check'
  - isort>=5.0.3 ; extra == 'check'
  - twine ; extra == 'check'
  - pytest ; extra == 'test'
  - pytest-cov ; extra == 'test'
  - pyannotate ; extra == 'test'
  - coverage[toml]>=5.2 ; extra == 'test'
  - coveralls>=2.1.1 ; extra == 'test'
  - hypothesis ; extra == 'test'
  - mypy ; extra == 'type'
  - mypy-extensions ; extra == 'type'
  requires_python: '>=3.6'
- conda: https://conda.anaconda.org/conda-forge/win-64/ninja-1.13.2-h477610d_0.conda
  sha256: e41a945c34a5f0bd2109b73a65486cd93023fa0a9bcba3ef98f9a3da40ba1180
  md5: 7ecb9f2f112c66f959d2bb7dbdb89b67
  depends:
  - vc >=14.3,<15
  - vc14_runtime >=14.44.35208
  - ucrt >=10.0.20348.0
  - vc >=14.3,<15
  - vc14_runtime >=14.44.35208
  - ucrt >=10.0.20348.0
  license: Apache-2.0
  license_family: APACHE
  purls: []
  size: 309417
  timestamp: 1763688227932
- conda: https://conda.anaconda.org/conda-forge/win-64/openjdk-21.0.9-hda6743d_0.conda
  sha256: 45d3e8ecc2c8b32e4e2d0e544590c403835be233cf2f57f423157021c62c5f89
  md5: 70518c0bea3de9bb74128dad0467d879
  depends:
  - symlink-exe-runtime >=1.0,<2.0a0
  - vc14_runtime
  license: GPL-2.0-or-later WITH Classpath-exception-2.0
  license_family: GPL
  purls: []
  size: 176401802
  timestamp: 1762393785432
- conda: https://conda.anaconda.org/conda-forge/win-64/openssl-3.6.0-h725018a_0.conda
  sha256: 6d72d6f766293d4f2aa60c28c244c8efed6946c430814175f959ffe8cab899b3
  md5: 84f8fb4afd1157f59098f618cd2437e4
  depends:
  - ca-certificates
  - ucrt >=10.0.20348.0
  - vc >=14.3,<15
  - vc14_runtime >=14.44.35208
  license: Apache-2.0
  license_family: Apache
  purls: []
  size: 9440812
  timestamp: 1762841722179
- pypi: https://files.pythonhosted.org/packages/65/bb/ebd7c6058dcfbf634986f9a8b3fb638f3269501c73701a48b7530042da5b/patch-ng-1.19.0.tar.gz
  name: patch-ng
  version: 1.19.0
  sha256: 27484792f4ac1c15fe2f3e4cecf74bb9833d33b75c715b71d199f7e1e7d1f786
  requires_python: '>=3.6'
- conda: https://conda.anaconda.org/conda-forge/win-64/pcre2-10.47-hd2b5f0e_0.conda
  sha256: 3e9e02174edf02cb4bcdd75668ad7b74b8061791a3bc8bdb8a52ae336761ba3e
  md5: 77eaf2336f3ae749e712f63e36b0f0a1
  depends:
  - bzip2 >=1.0.8,<2.0a0
  - libzlib >=1.3.1,<2.0a0
  - ucrt >=10.0.20348.0
  - vc >=14.3,<15
  - vc14_runtime >=14.44.35208
  license: BSD-3-Clause
  license_family: BSD
  purls: []
  size: 995992
  timestamp: 1763655708300
- conda: https://conda.anaconda.org/conda-forge/win-64/pkg-config-0.29.2-h88c491f_1009.conda
  sha256: 86b0c40c8b569dbc164cb1de098ddabf4c240a5e8f38547aab00493891fa67f3
  md5: 122d6514d415fbe02c9b58aee9f6b53e
  depends:
  - libglib >=2.80.3,<3.0a0
  - ucrt >=10.0.20348.0
  - vc >=14.2,<15
  - vc14_runtime >=14.29.30139
  license: GPL-2.0-or-later
  license_family: GPL
  purls: []
  size: 36118
  timestamp: 1720806338740
- conda: https://conda.anaconda.org/conda-forge/win-64/powershell-7.5.4-h11686cb_1.conda
  sha256: 96eeaa407dbf1d56cbfa479974d5d27083c31a69f31023895f857ea340e08395
  md5: d81b4702acddabe4d1ca0ac41e11fa92
  license: MIT
  purls: []
  size: 98686353
  timestamp: 1767216571146
- pypi: https://files.pythonhosted.org/packages/34/68/d9317542e3f2b180c4306e3f45d3c922d7e86d8ce39f941bb9e2e9d8599e/psutil-7.2.1-cp37-abi3-win_amd64.whl
  name: psutil
  version: 7.2.1
  sha256: b1b0671619343aa71c20ff9767eced0483e4fc9e1f489d50923738caf6a03c17
  requires_dist:
  - psleak ; extra == 'dev'
  - pytest ; extra == 'dev'
  - pytest-instafail ; extra == 'dev'
  - pytest-xdist ; extra == 'dev'
  - setuptools ; extra == 'dev'
  - pywin32 ; extra == 'dev'
  - wheel ; extra == 'dev'
  - wmi ; extra == 'dev'
  - abi3audit ; extra == 'dev'
  - black ; extra == 'dev'
  - check-manifest ; extra == 'dev'
  - coverage ; extra == 'dev'
  - packaging ; extra == 'dev'
  - pylint ; extra == 'dev'
  - pyperf ; extra == 'dev'
  - pypinfo ; extra == 'dev'
  - pytest-cov ; extra == 'dev'
  - requests ; extra == 'dev'
  - rstcheck ; extra == 'dev'
  - ruff ; extra == 'dev'
  - sphinx ; extra == 'dev'
  - sphinx-rtd-theme ; extra == 'dev'
  - toml-sort ; extra == 'dev'
  - twine ; extra == 'dev'
  - validate-pyproject[all] ; extra == 'dev'
  - virtualenv ; extra == 'dev'
  - vulture ; extra == 'dev'
  - colorama ; extra == 'dev'
  - pyreadline3 ; extra == 'dev'
  - psleak ; extra == 'test'
  - pytest ; extra == 'test'
  - pytest-instafail ; extra == 'test'
  - pytest-xdist ; extra == 'test'
  - setuptools ; extra == 'test'
  - pywin32 ; extra == 'test'
  - wheel ; extra == 'test'
  - wmi ; extra == 'test'
  requires_python: '>=3.6'
- pypi: https://files.pythonhosted.org/packages/f0/9c/762284710ead9076eeecd55fb60509c19cd1f4bea811df5f3603725b44cb/py7zr-1.1.0-py3-none-any.whl
  name: py7zr
  version: 1.1.0
  sha256: 5921bc30fb72b5453aafe3b2183664c08ef508cde2655988d5e9bd6078353ef7
  requires_dist:
  - texttable
  - pycryptodomex>=3.20.0
  - brotli>=1.2.0 ; platform_python_implementation == 'CPython'
  - brotlicffi>=1.2.0.0 ; platform_python_implementation == 'PyPy'
  - psutil ; sys_platform != 'cygwin'
  - backports-zstd>=1.0.0 ; python_full_version < '3.14'
  - pyppmd>=1.3.1
  - pybcj>=1.0.6
  - multivolumefile>=0.2.3
  - inflate64>=1.0.4
  - pytest ; extra == 'test'
  - pytest-benchmark ; extra == 'test'
  - pytest-cov ; extra == 'test'
  - pytest-remotedata ; extra == 'test'
  - pytest-timeout ; extra == 'test'
  - py-cpuinfo ; extra == 'test'
  - coverage[toml]>=7.10.7 ; extra == 'test'
  - coveralls>=4.0.2 ; extra == 'test'
  - requests ; extra == 'test'
  - pytest-httpserver ; extra == 'test'
  - sphinx>=8.0.0 ; extra == 'docs'
  - sphinx-py3doc-enhanced-theme ; extra == 'docs'
  - sphinx-a4doc ; extra == 'docs'
  - docutils ; extra == 'docs'
  - mypy>=1.17.0 ; extra == 'check'
  - mypy-extensions>=1.1.0 ; extra == 'check'
  - lxml ; extra == 'check'
  - types-psutil ; extra == 'check'
  - check-manifest ; extra == 'check'
  - flake8<8 ; extra == 'check'
  - flake8-black>=0.3.6 ; extra == 'check'
  - flake8-deprecated ; extra == 'check'
  - flake8-isort ; extra == 'check'
  - isort>=7.0.0 ; extra == 'check'
  - pygments ; extra == 'check'
  - readme-renderer ; extra == 'check'
  - twine ; extra == 'check'
  - black>=25.1.0 ; extra == 'check'
  - pylint ; extra == 'check'
  - pytest ; extra == 'debug'
  - pytest-leaks ; extra == 'debug'
  - pytest-profiling ; extra == 'debug'
  requires_python: '>=3.10'
- pypi: https://files.pythonhosted.org/packages/91/f7/d4e55aede85143adff3ded89a1ae87bbf29060ddc2249fb861d78b103d4a/pybcj-1.0.7-cp314-cp314-win_amd64.whl
  name: pybcj
  version: 1.0.7
  sha256: 4603cc41ceb1236abe9169e2ead344140be5d2c3ac01bbc5e44cb1b13078a009
  requires_dist:
  - pytest>=6.0 ; extra == 'test'
  - pytest-cov ; extra == 'test'
  - hypothesis ; extra == 'test'
  - coverage[toml]>=5.2 ; extra == 'test'
  - mypy>=1.10.0 ; extra == 'check'
  - check-manifest ; extra == 'check'
  - flake8<8 ; extra == 'check'
  - flake8-black ; extra == 'check'
  - flake8-colors ; extra == 'check'
  - flake8-isort ; extra == 'check'
  - flake8-pyi ; extra == 'check'
  - flake8-typing-imports ; extra == 'check'
  - readme-renderer ; extra == 'check'
  - pygments ; extra == 'check'
  requires_python: '>=3.10'
- pypi: https://files.pythonhosted.org/packages/69/96/11f36f71a865dd6df03716d33bd07a67e9d20f6b8d39820470b766af323c/pycryptodomex-3.23.0-cp37-abi3-win_amd64.whl
  name: pycryptodomex
  version: 3.23.0
  sha256: 52e5ca58c3a0b0bd5e100a9fbc8015059b05cffc6c66ce9d98b4b45e023443b9
  requires_python: '>=2.7,!=3.0.*,!=3.1.*,!=3.2.*,!=3.3.*,!=3.4.*,!=3.5.*,!=3.6.*'
- pypi: https://files.pythonhosted.org/packages/12/4c/5003a413d9f2743298a070df6713a75dedccc470e7adeeced5b43cad7418/pyppmd-1.3.1-cp314-cp314-win_amd64.whl
  name: pyppmd
  version: 1.3.1
  sha256: 0e64247618cb150d2909beb0137da3084fef1d3479b4cc73b5b47fda7611abf9
  requires_dist:
  - pytest>=6.0 ; extra == 'test'
  - pytest-benchmark ; extra == 'test'
  - pytest-cov ; extra == 'test'
  - pytest-timeout ; extra == 'test'
  - hypothesis ; extra == 'test'
  - coverage[toml]>=5.2 ; extra == 'test'
  - mypy>=1.10.0 ; extra == 'check'
  - check-manifest ; extra == 'check'
  - flake8 ; extra == 'check'
  - flake8-isort ; extra == 'check'
  - flake8-black ; extra == 'check'
  - readme-renderer ; extra == 'check'
  - pygments ; extra == 'check'
  - sphinx ; extra == 'docs'
  - sphinx-rtd-theme ; extra == 'docs'
  - atheris ; extra == 'fuzzer'
  - hypothesis ; extra == 'fuzzer'
  requires_python: '>=3.10'
- conda: https://conda.anaconda.org/conda-forge/win-64/python-3.14.2-h4b44e0e_100_cp314.conda
  build_number: 100
  sha256: 6857d7c97cc71fe9ba298dcb1d3b66cc7df425132ab801babd655faa3df48f32
  md5: c3c73414d5ae3f543c531c978d9cc8b8
  depends:
  - bzip2 >=1.0.8,<2.0a0
  - libexpat >=2.7.3,<3.0a0
  - libffi >=3.5.2,<3.6.0a0
  - liblzma >=5.8.1,<6.0a0
  - libmpdec >=4.0.0,<5.0a0
  - libsqlite >=3.51.1,<4.0a0
  - libzlib >=1.3.1,<2.0a0
  - openssl >=3.5.4,<4.0a0
  - python_abi 3.14.* *_cp314
  - tk >=8.6.13,<8.7.0a0
  - tzdata
  - ucrt >=10.0.20348.0
  - vc >=14.3,<15
  - vc14_runtime >=14.44.35208
  - zstd >=1.5.7,<1.6.0a0
  license: Python-2.0
  purls: []
  size: 16833248
  timestamp: 1765020224759
  python_site_packages_path: Lib/site-packages
- conda: https://conda.anaconda.org/conda-forge/noarch/python_abi-3.14-8_cp314.conda
  build_number: 8
  sha256: ad6d2e9ac39751cc0529dd1566a26751a0bf2542adb0c232533d32e176e21db5
  md5: 0539938c55b6b1a59b560e843ad864a4
  constrains:
  - python 3.14.* *_cp314
  license: BSD-3-Clause
  license_family: BSD
  purls: []
  size: 6989
  timestamp: 1752805904792
- pypi: https://files.pythonhosted.org/packages/1e/db/4254e3eabe8020b458f1a747140d32277ec7a271daf1d235b70dc0b4e6e3/requests-2.32.5-py3-none-any.whl
  name: requests
  version: 2.32.5
  sha256: 2462f94637a34fd532264295e186976db0f5d453d1cdd31473c85a6a161affb6
  requires_dist:
  - charset-normalizer>=2,<4
  - idna>=2.5,<4
  - urllib3>=1.21.1,<3
  - certifi>=2017.4.17
  - pysocks>=1.5.6,!=1.5.7 ; extra == 'socks'
  - chardet>=3.0.2,<6 ; extra == 'use-chardet-on-py3'
  requires_python: '>=3.9'
- pypi: https://files.pythonhosted.org/packages/6a/23/8146aad7d88f4fcb3a6218f41a60f6c2d4e3a72de72da1825dc7c8f7877c/semantic_version-2.10.0-py2.py3-none-any.whl
  name: semantic-version
  version: 2.10.0
  sha256: de78a3b8e0feda74cabc54aab2da702113e33ac9d9eb9d2389bcf1f58b7d9177
  requires_dist:
  - django>=1.11 ; extra == 'dev'
  - nose2 ; extra == 'dev'
  - tox ; extra == 'dev'
  - check-manifest ; extra == 'dev'
  - coverage ; extra == 'dev'
  - flake8 ; extra == 'dev'
  - wheel ; extra == 'dev'
  - zest-releaser[recommended] ; extra == 'dev'
  - readme-renderer<25.0 ; python_full_version == '3.4.*' and extra == 'dev'
  - colorama<=0.4.1 ; python_full_version == '3.4.*' and extra == 'dev'
  - sphinx ; extra == 'doc'
  - sphinx-rtd-theme ; extra == 'doc'
  requires_python: '>=2.7'
- pypi: https://files.pythonhosted.org/packages/48/f3/b67d6ea49ca9154453b6d70b34ea22f3996b9fa55da105a79d8732227adc/soupsieve-2.8.1-py3-none-any.whl
  name: soupsieve
  version: 2.8.1
  sha256: a11fe2a6f3d76ab3cf2de04eb339c1be5b506a8a47f2ceb6d139803177f85434
  requires_python: '>=3.9'
- conda: https://conda.anaconda.org/conda-forge/win-64/symlink-exe-runtime-1.0-hcfcfb64_0.tar.bz2
  sha256: 4a7096df38cf8c7e5ee965ea957c0fadf8b5e1140f5b2da625075cc6d7a22bf7
  md5: 2b03b51163e311e87a6d4a4e9776b24b
  depends:
  - ucrt >=10.0.20348.0
  - vc >=14.2,<15
  - vs2015_runtime >=14.29.30139
  license: BSD-3-Clause
  license_family: BSD
  purls: []
  size: 11597
  timestamp: 1666792984220
- pypi: https://files.pythonhosted.org/packages/24/99/4772b8e00a136f3e01236de33b0efda31ee7077203ba5967fcc76da94d65/texttable-1.7.0-py2.py3-none-any.whl
  name: texttable
  version: 1.7.0
  sha256: 72227d592c82b3d7f672731ae73e4d1f88cd8e2ef5b075a7a7f01a23a3743917
- conda: https://conda.anaconda.org/conda-forge/win-64/tk-8.6.13-h2c6b04d_3.conda
  sha256: 4581f4ffb432fefa1ac4f85c5682cc27014bcd66e7beaa0ee330e927a7858790
  md5: 7cb36e506a7dba4817970f8adb6396f9
  depends:
  - ucrt >=10.0.20348.0
  - vc >=14.2,<15
  - vc14_runtime >=14.29.30139
  license: TCL
  license_family: BSD
  purls: []
  size: 3472313
  timestamp: 1763055164278
- pypi: https://files.pythonhosted.org/packages/18/67/36e9267722cc04a6b9f15c7f3441c2363321a3ea07da7ae0c0707beb2a9c/typing_extensions-4.15.0-py3-none-any.whl
  name: typing-extensions
  version: 4.15.0
  sha256: f0fa19c6845758ab08074a0cfa8b7aecb71c999ca73d62883bc25cc018c4e548
  requires_python: '>=3.9'
- conda: https://conda.anaconda.org/conda-forge/noarch/tzdata-2025c-hc9c84f9_1.conda
  sha256: 1d30098909076af33a35017eed6f2953af1c769e273a0626a04722ac4acaba3c
  md5: ad659d0a2b3e47e38d829aa8cad2d610
  license: LicenseRef-Public-Domain
  purls: []
  size: 119135
  timestamp: 1767016325805
- conda: https://conda.anaconda.org/conda-forge/win-64/ucrt-10.0.26100.0-h57928b3_0.conda
  sha256: 3005729dce6f3d3f5ec91dfc49fc75a0095f9cd23bab49efb899657297ac91a5
  md5: 71b24316859acd00bdb8b38f5e2ce328
  constrains:
  - vc14_runtime >=14.29.30037
  - vs2015_runtime >=14.29.30037
  license: LicenseRef-MicrosoftWindowsSDK10
  purls: []
  size: 694692
  timestamp: 1756385147981
- pypi: https://files.pythonhosted.org/packages/6d/b9/4095b668ea3678bf6a0af005527f39de12fb026516fb3df17495a733b7f8/urllib3-2.6.2-py3-none-any.whl
  name: urllib3
  version: 2.6.2
  sha256: ec21cddfe7724fc7cb4ba4bea7aa8e2ef36f607a4bab81aa6ce42a13dc3f03dd
  requires_dist:
  - brotli>=1.2.0 ; platform_python_implementation == 'CPython' and extra == 'brotli'
  - brotlicffi>=1.2.0.0 ; platform_python_implementation != 'CPython' and extra == 'brotli'
  - h2>=4,<5 ; extra == 'h2'
  - pysocks>=1.5.6,!=1.5.7,<2.0 ; extra == 'socks'
  - backports-zstd>=1.0.0 ; python_full_version < '3.14' and extra == 'zstd'
  requires_python: '>=3.9'
- conda: https://conda.anaconda.org/conda-forge/win-64/vc-14.3-h2b53caa_33.conda
  sha256: 7036945b5fff304064108c22cbc1bb30e7536363782b0456681ee6cf209138bd
  md5: 2d1c042360c09498891809a3765261be
  depends:
  - vc14_runtime >=14.42.34433
  track_features:
  - vc14
  license: BSD-3-Clause
  license_family: BSD
  purls: []
  size: 19070
  timestamp: 1765216452130
- conda: https://conda.anaconda.org/conda-forge/win-64/vc14_runtime-14.44.35208-h818238b_33.conda
  sha256: 7e8f7da25d7ce975bbe7d7e6d6e899bf1f253e524a3427cc135a79f3a79c457c
  md5: fb8e4914c5ad1c71b3c519621e1df7b8
  depends:
  - ucrt >=10.0.20348.0
  - vcomp14 14.44.35208 h818238b_33
  constrains:
  - vs2015_runtime 14.44.35208.* *_33
  license: LicenseRef-MicrosoftVisualCpp2015-2022Runtime
  license_family: Proprietary
  purls: []
  size: 684323
  timestamp: 1765216366832
- conda: https://conda.anaconda.org/conda-forge/win-64/vcomp14-14.44.35208-h818238b_33.conda
  sha256: f79edd878094e86af2b2bc1455b0a81e02839a784fb093d5996ad4cf7b810101
  md5: 4cb6942b4bd846e51b4849f4a93c7e6d
  depends:
  - ucrt >=10.0.20348.0
  constrains:
  - vs2015_runtime 14.44.35208.* *_33
  license: LicenseRef-MicrosoftVisualCpp2015-2022Runtime
  license_family: Proprietary
  purls: []
  size: 115073
  timestamp: 1765216325898
- conda: https://conda.anaconda.org/conda-forge/win-64/vs2015_runtime-14.44.35208-h38c0c73_33.conda
  sha256: 93fc61d05770f4c6b66214ed3494f632bf6e0e6ee7fcb0fb0a847a4bed131953
  md5: 65e5a2127012cd4dbc9354579661b9fd
  depends:
  - vc14_runtime >=14.44.35208
  license: BSD-3-Clause
  license_family: BSD
  purls: []
  size: 19159
  timestamp: 1765216369037
- conda: https://conda.anaconda.org/conda-forge/win-64/zlib-1.3.1-h2466b09_2.conda
  sha256: 8c688797ba23b9ab50cef404eca4d004a948941b6ee533ead0ff3bf52012528c
  md5: be60c4e8efa55fddc17b4131aa47acbd
  depends:
  - libzlib 1.3.1 h2466b09_2
  - ucrt >=10.0.20348.0
  - vc >=14.2,<15
  - vc14_runtime >=14.29.30139
  license: Zlib
  license_family: Other
  purls: []
  size: 107439
  timestamp: 1727963788936
- conda: https://conda.anaconda.org/conda-forge/win-64/zstd-1.5.7-h534d264_6.conda
  sha256: 368d8628424966fd8f9c8018326a9c779e06913dd39e646cf331226acc90e5b2
  md5: 053b84beec00b71ea8ff7a4f84b55207
  depends:
  - vc >=14.3,<15
  - vc14_runtime >=14.44.35208
  - ucrt >=10.0.20348.0
  - libzlib >=1.3.1,<2.0a0
  license: BSD-3-Clause
  license_family: BSD
  purls: []
  size: 388453
  timestamp: 1764777142545
